{
    "_readme": [
        "This file locks the dependencies of your project to a known state",
        "Read more about it at https://getcomposer.org/doc/01-basic-usage.md#composer-lock-the-lock-file",
        "This file is @generated automatically"
    ],
    "hash": "d97697e42e4419dd72dcfffd1a64f35d",
    "content-hash": "a1a5861a68356a5fac16b8fcb85deb65",
    "packages": [
        {
            "name": "benmanu/silverstripe-simple-styleguide",
            "version": "dev-master",
            "source": {
                "type": "git",
                "url": "https://github.com/benmanu/silverstripe-simple-styleguide.git",
                "reference": "044061e407daac29e912c9e3ad1562f4c9e51cfc"
            },
            "dist": {
                "type": "zip",
                "url": "https://api.github.com/repos/benmanu/silverstripe-simple-styleguide/zipball/044061e407daac29e912c9e3ad1562f4c9e51cfc",
                "reference": "044061e407daac29e912c9e3ad1562f4c9e51cfc",
                "shasum": ""
            },
            "require": {
                "silverstripe/cms": "~3.1",
                "silverstripe/framework": "~3.1"
            },
            "type": "silverstripe-module",
            "extra": {
                "installer-name": "simple-styleguide"
            },
            "notification-url": "https://packagist.org/downloads/",
            "license": [
                "BSD-3-Clause"
            ],
            "authors": [
                {
                    "name": "Ben Manu",
                    "email": "bmanu10@gmail.com"
                }
            ],
            "description": "Provides a kitchen sink template useful for theme development.",
            "homepage": "https://github.com/benmanu/silverstripe-simple-styleguide",
            "keywords": [
                "silverstripe",
                "styleguide"
            ],
            "time": "2016-02-16 21:16:53"
        },
        {
            "name": "composer/installers",
            "version": "v1.2.0",
            "source": {
                "type": "git",
                "url": "https://github.com/composer/installers.git",
                "reference": "d78064c68299743e0161004f2de3a0204e33b804"
            },
            "dist": {
                "type": "zip",
                "url": "https://api.github.com/repos/composer/installers/zipball/d78064c68299743e0161004f2de3a0204e33b804",
                "reference": "d78064c68299743e0161004f2de3a0204e33b804",
                "shasum": ""
            },
            "require": {
                "composer-plugin-api": "^1.0"
            },
            "replace": {
                "roundcube/plugin-installer": "*",
                "shama/baton": "*"
            },
            "require-dev": {
                "composer/composer": "1.0.*@dev",
                "phpunit/phpunit": "4.1.*"
            },
            "type": "composer-plugin",
            "extra": {
                "class": "Composer\\Installers\\Plugin",
                "branch-alias": {
                    "dev-master": "1.0-dev"
                }
            },
            "autoload": {
                "psr-4": {
                    "Composer\\Installers\\": "src/Composer/Installers"
                }
            },
            "notification-url": "https://packagist.org/downloads/",
            "license": [
                "MIT"
            ],
            "authors": [
                {
                    "name": "Kyle Robinson Young",
                    "email": "kyle@dontkry.com",
                    "homepage": "https://github.com/shama"
                }
            ],
            "description": "A multi-framework Composer library installer",
            "homepage": "https://composer.github.io/installers/",
            "keywords": [
                "Craft",
                "Dolibarr",
                "Hurad",
                "ImageCMS",
                "MODX Evo",
                "Mautic",
                "OXID",
                "Plentymarkets",
                "RadPHP",
                "SMF",
                "Thelia",
                "WolfCMS",
                "agl",
                "aimeos",
                "annotatecms",
                "attogram",
                "bitrix",
                "cakephp",
                "chef",
                "cockpit",
                "codeigniter",
                "concrete5",
                "croogo",
                "dokuwiki",
                "drupal",
                "elgg",
                "expressionengine",
                "fuelphp",
                "grav",
                "installer",
                "joomla",
                "kohana",
                "laravel",
                "lithium",
                "magento",
                "mako",
                "mediawiki",
                "modulework",
                "moodle",
                "phpbb",
                "piwik",
                "ppi",
                "puppet",
                "reindex",
                "roundcube",
                "shopware",
                "silverstripe",
                "symfony",
                "typo3",
                "wordpress",
                "yawik",
                "zend",
                "zikula"
            ],
            "time": "2016-08-13 20:53:52"
        },
        {
            "name": "drewm/mailchimp-api",
            "version": "v1.1",
            "source": {
                "type": "git",
                "url": "https://github.com/drewm/mailchimp-api.git",
                "reference": "707d555962442b21a75683a56bdb7cebd0a19f72"
            },
            "dist": {
                "type": "zip",
                "url": "https://api.github.com/repos/drewm/mailchimp-api/zipball/707d555962442b21a75683a56bdb7cebd0a19f72",
                "reference": "707d555962442b21a75683a56bdb7cebd0a19f72",
                "shasum": ""
            },
            "require": {
                "php": ">=5.3"
            },
            "type": "library",
            "autoload": {
                "psr-0": {
                    "Drewm": "src/"
                }
            },
            "notification-url": "https://packagist.org/downloads/",
            "license": [
                "MIT"
            ],
            "authors": [
                {
                    "name": "Drew McLellan",
                    "homepage": "http://allinthehead.com/"
                }
            ],
            "description": "Super-simple, minimum abstraction MailChimp API v2 wrapper",
            "homepage": "https://github.com/drewm/mailchimp-api",
            "time": "2015-07-07 15:38:25"
        },
        {
            "name": "jonom/silverstripe-betternavigator",
            "version": "dev-master",
            "source": {
                "type": "git",
                "url": "https://github.com/jonom/silverstripe-betternavigator.git",
                "reference": "63f16e40545c8d7d0c84548dd1b799cd1a271518"
            },
            "dist": {
                "type": "zip",
                "url": "https://api.github.com/repos/jonom/silverstripe-betternavigator/zipball/63f16e40545c8d7d0c84548dd1b799cd1a271518",
                "reference": "63f16e40545c8d7d0c84548dd1b799cd1a271518",
                "shasum": ""
            },
            "require": {
                "silverstripe/framework": "~3.1"
            },
            "type": "silverstripe-module",
            "extra": {
                "installer-name": "betternavigator"
            },
            "notification-url": "https://packagist.org/downloads/",
            "license": [
                "BSD-3-Clause"
            ],
            "authors": [
                {
                    "name": "Jonathon Menz",
                    "homepage": "http://jonathonmenz.com"
                }
            ],
            "description": "Front-end utility menu for SilverStripe websites featuring administration and development tools",
            "keywords": [
                "BetterNavigator",
                "SilverStripeNavigator",
                "navigator",
                "silverstripe"
            ],
            "time": "2017-03-22 23:39:21"
        },
        {
            "name": "silverstripe-australia/gridfieldextensions",
            "version": "1.x-dev",
            "source": {
                "type": "git",
                "url": "https://github.com/silverstripe-australia/silverstripe-gridfieldextensions.git",
                "reference": "e62422fdb3c6f6db340a4e9775ac93e5a00fe4d9"
            },
            "dist": {
                "type": "zip",
                "url": "https://api.github.com/repos/silverstripe-australia/silverstripe-gridfieldextensions/zipball/e62422fdb3c6f6db340a4e9775ac93e5a00fe4d9",
                "reference": "e62422fdb3c6f6db340a4e9775ac93e5a00fe4d9",
                "shasum": ""
            },
            "require": {
                "silverstripe/framework": "~3.1"
            },
            "replace": {
                "ajshort/silverstripe-gridfieldextensions": "self.version"
            },
            "type": "silverstripe-module",
            "extra": {
                "installer-name": "gridfieldextensions",
                "branch-alias": {
                    "dev-master": "1.4.x-dev"
                },
                "screenshots": [
                    "docs/en/_images/editable-rows.png",
                    "docs/en/_images/add-existing-search.png"
                ]
            },
            "notification-url": "https://packagist.org/downloads/",
            "license": [
                "BSD-3-Clause"
            ],
            "authors": [
                {
                    "name": "Marcus Nyeholt",
                    "email": "marcus@silverstripe.com.au"
                },
                {
                    "name": "Andrew Short",
                    "email": "andrewjshort@gmail.com"
                }
            ],
            "description": "A collection of useful grid field components",
            "homepage": "http://github.com/silverstripe-australia/silverstripe-gridfieldextensions",
            "keywords": [
                "gridfield",
                "silverstripe"
            ],
            "time": "2017-01-30 01:05:02"
        },
        {
            "name": "silverstripe/cms",
            "version": "3.5.3",
            "source": {
                "type": "git",
                "url": "https://github.com/silverstripe/silverstripe-cms.git",
                "reference": "80099f24b76b4ac36d38477f1ad8230208b031cb"
            },
            "dist": {
                "type": "zip",
                "url": "https://api.github.com/repos/silverstripe/silverstripe-cms/zipball/80099f24b76b4ac36d38477f1ad8230208b031cb",
                "reference": "80099f24b76b4ac36d38477f1ad8230208b031cb",
                "shasum": ""
            },
            "require": {
                "composer/installers": "*",
                "php": ">=5.3.3",
                "silverstripe/framework": "~3.4",
                "silverstripe/reports": "~3.4",
                "silverstripe/siteconfig": "~3.4"
            },
            "type": "silverstripe-module",
            "extra": {
                "branch-alias": {
                    "3.x-dev": "3.6.x-dev"
                }
            },
            "autoload": {
                "classmap": [
                    "tests/behat/"
                ]
            },
            "notification-url": "https://packagist.org/downloads/",
            "license": [
                "BSD-3-Clause"
            ],
            "authors": [
                {
                    "name": "SilverStripe",
                    "homepage": "http://silverstripe.com"
                },
                {
                    "name": "The SilverStripe Community",
                    "homepage": "http://silverstripe.org"
                }
            ],
            "description": "The SilverStripe Content Management System",
            "homepage": "http://silverstripe.org",
            "keywords": [
                "cms",
                "silverstripe"
            ],
            "time": "2017-02-20 17:01:15"
        },
        {
            "name": "silverstripe/framework",
            "version": "3.5.3",
            "source": {
                "type": "git",
                "url": "https://github.com/silverstripe/silverstripe-framework.git",
                "reference": "a2580456bda9ff513cf80227039fc79405908f3f"
            },
            "dist": {
                "type": "zip",
                "url": "https://api.github.com/repos/silverstripe/silverstripe-framework/zipball/a2580456bda9ff513cf80227039fc79405908f3f",
                "reference": "a2580456bda9ff513cf80227039fc79405908f3f",
                "shasum": ""
            },
            "require": {
                "composer/installers": "~1.0",
                "php": ">=5.3.3,<7"
            },
            "require-dev": {
                "phpunit/phpunit": "~3.7"
            },
            "type": "silverstripe-module",
            "extra": {
                "branch-alias": {
                    "3.x-dev": "3.5.x-dev"
                }
            },
            "autoload": {
                "classmap": [
                    "tests/behat/features/bootstrap"
                ]
            },
            "notification-url": "https://packagist.org/downloads/",
            "license": [
                "BSD-3-Clause"
            ],
            "authors": [
                {
                    "name": "SilverStripe",
                    "homepage": "http://silverstripe.com"
                },
                {
                    "name": "The SilverStripe Community",
                    "homepage": "http://silverstripe.org"
                }
            ],
            "description": "The SilverStripe framework",
            "homepage": "http://silverstripe.org",
            "keywords": [
                "framework",
                "silverstripe"
            ],
            "time": "2017-02-20 17:01:16"
        },
        {
            "name": "silverstripe/reports",
            "version": "3.x-dev",
            "source": {
                "type": "git",
                "url": "https://github.com/silverstripe/silverstripe-reports.git",
                "reference": "b10955d98584df546f6d05a91576923368378d06"
            },
            "dist": {
                "type": "zip",
                "url": "https://api.github.com/repos/silverstripe/silverstripe-reports/zipball/b10955d98584df546f6d05a91576923368378d06",
                "reference": "b10955d98584df546f6d05a91576923368378d06",
                "shasum": ""
            },
            "require": {
                "php": ">=5.3.3,<7",
                "silverstripe/framework": "~3.3"
            },
            "require-dev": {
                "phpunit/phpunit": "~3.7"
            },
            "type": "silverstripe-module",
            "extra": {
                "branch-alias": {
                    "3.x-dev": "3.6.x-dev"
                }
            },
            "notification-url": "https://packagist.org/downloads/",
            "license": [
                "BSD-3-Clause"
            ],
            "authors": [
                {
                    "name": "SilverStripe",
                    "homepage": "http://silverstripe.com"
                },
                {
                    "name": "The SilverStripe Community",
                    "homepage": "http://silverstripe.org"
                }
            ],
            "description": "Reports module for SilverStripe CMS",
            "homepage": "http://silverstripe.org",
            "keywords": [
                "cms",
                "reports",
                "silverstripe"
            ],
            "time": "2016-11-28 14:14:09"
        },
        {
            "name": "silverstripe/siteconfig",
            "version": "3.x-dev",
            "source": {
                "type": "git",
                "url": "https://github.com/silverstripe/silverstripe-siteconfig.git",
                "reference": "838c2e950ac18a7d7395aa6df9c0feed612bf8d2"
            },
            "dist": {
                "type": "zip",
                "url": "https://api.github.com/repos/silverstripe/silverstripe-siteconfig/zipball/838c2e950ac18a7d7395aa6df9c0feed612bf8d2",
                "reference": "838c2e950ac18a7d7395aa6df9c0feed612bf8d2",
                "shasum": ""
            },
            "require": {
                "silverstripe/framework": "*"
            },
            "type": "silverstripe-module",
            "extra": {
                "installer-name": "siteconfig",
                "branch-alias": {
                    "3.x-dev": "3.6.x-dev"
                }
            },
            "autoload": {
                "classmap": [
                    "tests/behat/"
                ]
            },
            "notification-url": "https://packagist.org/downloads/",
            "authors": [
                {
                    "name": "Will Rossiter",
                    "email": "will@fullscreen.io"
                }
            ],
            "description": "Site wide settings administration.",
            "keywords": [
                "silverstripe",
                "siteconfig"
            ],
            "time": "2016-12-22 00:19:14"
        },
        {
            "name": "silverstripe/spamprotection",
            "version": "dev-master",
            "source": {
                "type": "git",
                "url": "https://github.com/silverstripe/silverstripe-spamprotection.git",
                "reference": "3b4f757d6eb9d5be67118c1814fac2dc682f56ca"
            },
            "dist": {
                "type": "zip",
                "url": "https://api.github.com/repos/silverstripe/silverstripe-spamprotection/zipball/3b4f757d6eb9d5be67118c1814fac2dc682f56ca",
                "reference": "3b4f757d6eb9d5be67118c1814fac2dc682f56ca",
                "shasum": ""
            },
            "require": {
                "silverstripe/framework": "~3.1"
            },
            "require-dev": {
                "phpunit/phpunit": "~3.7@stable"
            },
            "type": "silverstripe-module",
            "extra": {
                "branch-alias": {
                    "dev-master": "2.1.x-dev"
                }
            },
            "notification-url": "https://packagist.org/downloads/",
            "license": [
                "BSD-3-Clause"
            ],
            "authors": [
                {
                    "name": "Saophalkun Ponlu",
                    "email": "phalkunz@silverstripe.com"
                },
                {
                    "name": "Will Rossiter",
                    "email": "will@fullscreen.io"
                }
            ],
            "description": "Spam protection module for SilverStripe.",
            "keywords": [
                "silverstripe",
                "spamprotection"
            ],
            "time": "2017-01-31 12:11:24"
        },
        {
            "name": "toastnz/flat-cms",
            "version": "1.1.0",
            "source": {
                "type": "git",
                "url": "https://github.com/toastnz/flat-cms.git",
                "reference": "cc5e9404b95b796b29c6088428093f86cb794312"
            },
            "dist": {
                "type": "zip",
                "url": "https://api.github.com/repos/toastnz/flat-cms/zipball/cc5e9404b95b796b29c6088428093f86cb794312",
                "reference": "cc5e9404b95b796b29c6088428093f86cb794312",
                "shasum": ""
            },
            "require": {
                "composer/installers": "*",
                "silverstripe/cms": "~3.1",
                "silverstripe/framework": "~3.1"
            },
            "type": "silverstripe-module",
            "notification-url": "https://packagist.org/downloads/",
            "license": [
                "BSD-3-Clause"
            ],
            "authors": [
                {
                    "name": "Jaydn de Graaf",
                    "homepage": "http://pinc.nz/",
                    "role": "Developer"
                }
            ],
            "description": "Silverstripe Flat CMS Module",
            "keywords": [
                "cms",
                "flat cms",
                "silverstripe"
            ],
            "time": "2016-12-20 22:48:09"
        },
        {
            "name": "toastnz/gradify",
            "version": "dev-master",
            "source": {
                "type": "git",
                "url": "https://github.com/toastnz/gradify.git",
                "reference": "103d6c6636a4f8f0d8f06586831b8f12a7baae71"
            },
            "dist": {
                "type": "zip",
                "url": "https://api.github.com/repos/toastnz/gradify/zipball/103d6c6636a4f8f0d8f06586831b8f12a7baae71",
                "reference": "103d6c6636a4f8f0d8f06586831b8f12a7baae71",
                "shasum": ""
            },
            "require": {
                "silverstripe/framework": "3.*"
            },
            "type": "silverstripe-module",
            "extra": {
                "installer-name": "gradify"
            },
            "notification-url": "https://packagist.org/downloads/",
            "authors": [
                {
                    "name": "Nivanka Fonseka",
                    "email": "nivanka@silverstripers.com"
                }
            ],
            "description": "Gradify php implementation SilverStirpe",
            "keywords": [
                "gradify",
                "images",
                "silverstripe"
            ],
            "time": "2017-03-30 01:11:38"
        },
        {
            "name": "toastnz/open-graph-meta",
            "version": "0.2.3",
            "source": {
                "type": "git",
                "url": "https://github.com/toastnz/open-graph-meta.git",
                "reference": "ba700f6ba235b22eca43aecefa9de971bd203526"
            },
            "dist": {
                "type": "zip",
                "url": "https://api.github.com/repos/toastnz/open-graph-meta/zipball/ba700f6ba235b22eca43aecefa9de971bd203526",
                "reference": "ba700f6ba235b22eca43aecefa9de971bd203526",
                "shasum": ""
            },
            "require": {
                "composer/installers": "*",
                "silverstripe/cms": "^3.2",
                "silverstripe/framework": "^3.2"
            },
            "type": "silverstripe-module",
            "notification-url": "https://packagist.org/downloads/",
            "license": [
                "BSD-3-Clause"
            ],
            "authors": [
                {
                    "name": "Jaydn de Graaf",
                    "homepage": "http://pinc.nz/",
                    "role": "Developer"
                },
                {
                    "name": "Danae Miller-Clendon",
                    "email": "danae@toast.co.nz",
                    "homepage": "http://toast.co.nz/",
                    "role": "Token Chick"
                }
            ],
            "description": "Silverstripe Open Graph Module",
            "keywords": [
                "facebook",
                "open graph",
                "silverstripe"
            ],
            "time": "2017-03-01 00:29:46"
        },
        {
            "name": "toastnz/toast-seo",
            "version": "0.3.6",
            "source": {
                "type": "git",
                "url": "https://github.com/toastnz/toast-seo.git",
                "reference": "2edb156cfce1ebb3351670a4b9eaf8fceb389ba0"
            },
            "dist": {
                "type": "zip",
                "url": "https://api.github.com/repos/toastnz/toast-seo/zipball/2edb156cfce1ebb3351670a4b9eaf8fceb389ba0",
                "reference": "2edb156cfce1ebb3351670a4b9eaf8fceb389ba0",
                "shasum": ""
            },
            "require": {
                "composer/installers": "*",
                "silverstripe/cms": "~3.1",
                "silverstripe/framework": "~3.1"
            },
            "require-dev": {
                "phpunit/phpunit": "~4.8"
            },
            "type": "silverstripe-module",
            "notification-url": "https://packagist.org/downloads/",
            "license": [
                "BSD-3-Clause"
            ],
            "authors": [
                {
                    "name": "Jaydn de Graaf",
                    "homepage": "http://pinc.nz/",
                    "role": "Developer"
                },
                {
                    "name": "Danae Miller-Clendon",
                    "email": "danae@toast.co.nz",
                    "homepage": "http://toast.co.nz/",
                    "role": "Token Chick"
                }
            ],
            "description": "Silverstripe SEO Module",
            "keywords": [
                "seo",
                "silverstripe"
            ],
            "time": "2017-03-01 00:30:21"
        },
        {
            "name": "toastnz/twitter-card-meta",
            "version": "0.2.6",
            "source": {
                "type": "git",
                "url": "https://github.com/toastnz/twitter-card-meta.git",
                "reference": "f169ad99d6c5899e66dc0990955370911a23bd2e"
            },
            "dist": {
                "type": "zip",
                "url": "https://api.github.com/repos/toastnz/twitter-card-meta/zipball/f169ad99d6c5899e66dc0990955370911a23bd2e",
                "reference": "f169ad99d6c5899e66dc0990955370911a23bd2e",
                "shasum": ""
            },
            "require": {
                "composer/installers": "*",
                "silverstripe/cms": "~3.1",
                "silverstripe/framework": "~3.1"
            },
            "require-dev": {
                "phpunit/phpunit": "~4.8"
            },
            "type": "silverstripe-module",
            "notification-url": "https://packagist.org/downloads/",
            "license": [
                "BSD-3-Clause"
            ],
            "authors": [
                {
                    "name": "Jaydn de Graaf",
                    "email": "jd@pinc.nz",
                    "homepage": "http://pinc.nz/",
                    "role": "Tall Guy"
                },
                {
                    "name": "Danae Miller-Clendon",
                    "email": "danae@toast.co.nz",
                    "homepage": "http://toast.co.nz/",
                    "role": "Token Chick"
                }
            ],
            "description": "Silverstripe Twitter Card Module",
            "keywords": [
                "silverstripe",
                "twitter",
                "twitter card"
            ],
            "time": "2017-03-01 00:29:17"
        },
        {
            "name": "unclecheese/betterbuttons",
            "version": "1.2.11",
            "source": {
                "type": "git",
                "url": "https://github.com/unclecheese/silverstripe-gridfield-betterbuttons.git",
                "reference": "8144382cfd8e457ec62c680663b7056eb5e85491"
            },
            "dist": {
                "type": "zip",
                "url": "https://api.github.com/repos/unclecheese/silverstripe-gridfield-betterbuttons/zipball/8144382cfd8e457ec62c680663b7056eb5e85491",
                "reference": "8144382cfd8e457ec62c680663b7056eb5e85491",
                "shasum": ""
            },
            "require": {
                "silverstripe/framework": "~3.1"
            },
            "type": "silverstripe-module",
            "notification-url": "https://packagist.org/downloads/",
            "license": [
                "GNU"
            ],
            "authors": [
                {
                    "name": "Uncle Cheese",
                    "email": "unclecheese@leftandmain.com"
                }
            ],
            "description": "Adds new form actions and buttons to GridField detail form for usability enhancements.",
            "keywords": [
                "buttons",
                "gridfield",
                "silverstripe"
            ],
            "time": "2015-12-18 20:44:09"
        },
        {
            "name": "unclecheese/dropzone",
            "version": "1.4.10",
            "source": {
                "type": "git",
                "url": "https://github.com/unclecheese/silverstripe-dropzone.git",
                "reference": "733b1bfd18d70cc8c1fa6b7d3fc811eca2d43129"
            },
            "dist": {
                "type": "zip",
                "url": "https://api.github.com/repos/unclecheese/silverstripe-dropzone/zipball/733b1bfd18d70cc8c1fa6b7d3fc811eca2d43129",
                "reference": "733b1bfd18d70cc8c1fa6b7d3fc811eca2d43129",
                "shasum": ""
            },
            "require": {
                "silverstripe/framework": "3.*"
            },
            "type": "silverstripe-module",
            "extra": {
                "installer-name": "dropzone"
            },
            "notification-url": "https://packagist.org/downloads/",
            "license": [
                "BSD-3-Clause"
            ],
            "authors": [
                {
                    "name": "Uncle Cheese",
                    "email": "unclecheese@leftandmain.com"
                }
            ],
            "description": "An HTML5 upload field for the CMS and frontend forms.",
            "keywords": [
                "Forms",
                "cms",
                "files",
                "silverstripe",
                "upload",
                "uploader"
            ],
            "time": "2017-03-23 08:31:36"
        },
        {
            "name": "undefinedoffset/silverstripe-nocaptcha",
            "version": "0.2.0",
            "source": {
                "type": "git",
                "url": "https://github.com/UndefinedOffset/silverstripe-nocaptcha.git",
                "reference": "894f4bff5d078bbcec07a5ff816dd0b509388174"
            },
            "dist": {
                "type": "zip",
                "url": "https://api.github.com/repos/UndefinedOffset/silverstripe-nocaptcha/zipball/894f4bff5d078bbcec07a5ff816dd0b509388174",
                "reference": "894f4bff5d078bbcec07a5ff816dd0b509388174",
                "shasum": ""
            },
            "require": {
                "composer/installers": "*",
                "silverstripe/framework": "~3.1",
                "silverstripe/spamprotection": "~2.0"
            },
            "type": "silverstripe-module",
            "extra": {
                "installer-name": "nocaptcha"
            },
            "notification-url": "https://packagist.org/downloads/",
            "license": [
                "BSD-3-Clause"
            ],
            "authors": [
                {
                    "name": "Ed Chipman",
                    "homepage": "http://www.edchipman.ca",
                    "role": "Developer"
                }
            ],
            "description": "A spam protector and form field using the new Google's reCAPTCHA 2 aka No Captcha",
            "keywords": [
                "nocaptcha",
                "recaptcha",
                "recaptcha2",
                "silverstripe",
                "spamprotection"
            ],
            "time": "2016-09-30 14:01:17"
        },
        {
            "name": "undefinedoffset/sortablegridfield",
            "version": "dev-master",
            "source": {
                "type": "git",
                "url": "https://github.com/UndefinedOffset/SortableGridField.git",
                "reference": "94e916b4d91c7c0672a138a6c0a5e82a17c69f91"
            },
            "dist": {
                "type": "zip",
                "url": "https://api.github.com/repos/UndefinedOffset/SortableGridField/zipball/94e916b4d91c7c0672a138a6c0a5e82a17c69f91",
                "reference": "94e916b4d91c7c0672a138a6c0a5e82a17c69f91",
                "shasum": ""
            },
            "require": {
                "composer/installers": "*",
                "silverstripe/framework": ">=3.0.1"
            },
            "type": "silverstripe-module",
            "extra": {
                "installer-name": "sortablegridfield"
            },
            "notification-url": "https://packagist.org/downloads/",
            "license": [
                "BSD-3-Clause"
            ],
            "authors": [
                {
                    "name": "Ed Chipman",
                    "homepage": "http://www.edchipman.ca",
                    "role": "Developer"
                }
            ],
            "description": "Adds drag and drop functionality to SilverStripe 3.0's GridField",
            "keywords": [
                "gridfield",
                "silverstripe"
            ],
            "time": "2016-11-24 14:01:29"
        },
        {
            "name": "wilr/silverstripe-googlesitemaps",
            "version": "1.x-dev",
            "source": {
                "type": "git",
                "url": "https://github.com/wilr/silverstripe-googlesitemaps.git",
                "reference": "552684ce122c724aa737df3babb8717919e00a35"
            },
            "dist": {
                "type": "zip",
                "url": "https://api.github.com/repos/wilr/silverstripe-googlesitemaps/zipball/552684ce122c724aa737df3babb8717919e00a35",
                "reference": "552684ce122c724aa737df3babb8717919e00a35",
                "shasum": ""
            },
            "require": {
                "silverstripe/framework": ">=3.1"
            },
            "type": "silverstripe-module",
            "extra": {
                "installer-name": "googlesitemaps"
            },
            "notification-url": "https://packagist.org/downloads/",
            "license": [
                "BSD-3-Clause"
            ],
            "authors": [
                {
                    "name": "Will Rossiter",
                    "email": "will@fullscreen.io"
                }
            ],
            "description": "SilverStripe support for the Google Sitemaps XML, enabling Google and other search engines to see all urls on your site. This helps your SilverStripe website rank well in search engines, and to encourage the information on your site to be discovered quickly.",
            "homepage": "https://github.com/wilr/silverstripe-googlesitemaps",
            "keywords": [
                "googlesitemaps",
                "seo",
                "silverstripe"
            ],
            "time": "2016-10-10 02:59:32"
        }
    ],
    "packages-dev": [],
    "aliases": [],
    "minimum-stability": "dev",
    "stability-flags": {
        "silverstripe/cms": 0,
        "silverstripe/framework": 0,
        "benmanu/silverstripe-simple-styleguide": 20,
        "toastnz/gradify": 20
    },
    "prefer-stable": false,
    "prefer-lowest": false,
    "platform": {
        "php": ">=5.3.3"
    },
    "platform-dev": []
}
